
Microsoft Visual Studio Solution File, Format Version 12.00
# Visual Studio Version 16
VisualStudioVersion = 16.0.29201.188
MinimumVisualStudioVersion = 10.0.40219.1
Project("{FAE04EC0-301F-11D3-BF4B-00C04F79EFBC}") = "Server", "Server\Server.csproj", "{17552AFD-9037-48C9-A1CF-B5513686561A}"
EndProject
Project("{FAE04EC0-301F-11D3-BF4B-00C04F79EFBC}") = "Sourcer", "Sourcer\Sourcer.csproj", "{777AB4FE-1429-4E06-87D0-9BCA344F9AFA}"
EndProject
Global
	GlobalSection(SolutionConfigurationPlatforms) = preSolution
		Debug|Any CPU = Debug|Any CPU
		Release|Any CPU = Release|Any CPU
	EndGlobalSection
	GlobalSection(ProjectConfigurationPlatforms) = postSolution
		{17552AFD-9037-48C9-A1CF-B5513686561A}.Debug|Any CPU.ActiveCfg = Debug|Any CPU
		{17552AFD-9037-48C9-A1CF-B5513686561A}.Debug|Any CPU.Build.0 = Debug|Any CPU
		{17552AFD-9037-48C9-A1CF-B5513686561A}.Release|Any CPU.ActiveCfg = Release|Any CPU
		{17552AFD-9037-48C9-A1CF-B5513686561A}.Release|Any CPU.Build.0 = Release|Any CPU
		{777AB4FE-1429-4E06-87D0-9BCA344F9AFA}.Debug|Any CPU.ActiveCfg = Debug|Any CPU
		{777AB4FE-1429-4E06-87D0-9BCA344F9AFA}.Debug|Any CPU.Build.0 = Debug|Any CPU
		{777AB4FE-1429-4E06-87D0-9BCA344F9AFA}.Release|Any CPU.ActiveCfg = Release|Any CPU
		{777AB4FE-1429-4E06-87D0-9BCA344F9AFA}.Release|Any CPU.Build.0 = Release|Any CPU
	EndGlobalSection
	GlobalSection(SolutionProperties) = preSolution
		HideSolutionNode = FALSE
	EndGlobalSection
	GlobalSection(ExtensibilityGlobals) = postSolution
		SolutionGuid = {BDE96929-6CF7-420F-9CEC-79963307CB38}
	EndGlobalSection
EndGlobal
